
Microsoft Visual Studio Solution File, Format Version 12.00
# Visual Studio Version 17
VisualStudioVersion = 17.7.34221.43
MinimumVisualStudioVersion = 10.0.40219.1
Project("{FAE04EC0-301F-11D3-BF4B-00C04F79EFBC}") = "Assignment-17 Part-2", "Assignment-17 Part-2.csproj", "{D70D6301-2EA9-4608-ABC4-D41535CE6F0A}"
EndProject
Global
	GlobalSection(SolutionConfigurationPlatforms) = preSolution
		Debug|Any CPU = Debug|Any CPU
		Release|Any CPU = Release|Any CPU
	EndGlobalSection
	GlobalSection(ProjectConfigurationPlatforms) = postSolution
		{D70D6301-2EA9-4608-ABC4-D41535CE6F0A}.Debug|Any CPU.ActiveCfg = Debug|Any CPU
		{D70D6301-2EA9-4608-ABC4-D41535CE6F0A}.Debug|Any CPU.Build.0 = Debug|Any CPU
		{D70D6301-2EA9-4608-ABC4-D41535CE6F0A}.Release|Any CPU.ActiveCfg = Release|Any CPU
		{D70D6301-2EA9-4608-ABC4-D41535CE6F0A}.Release|Any CPU.Build.0 = Release|Any CPU
	EndGlobalSection
	GlobalSection(SolutionProperties) = preSolution
		HideSolutionNode = FALSE
	EndGlobalSection
	GlobalSection(ExtensibilityGlobals) = postSolution
		SolutionGuid = {7D013434-4935-4932-B7E5-72C411B268C4}
	EndGlobalSection
EndGlobal
